
Microsoft Visual Studio Solution File, Format Version 12.00
# Visual Studio Version 17
VisualStudioVersion = 17.8.34330.188
MinimumVisualStudioVersion = 10.0.40219.1
Project("{9A19103F-16F7-4668-BE54-9A1E7A4F7556}") = "Api_Automation_FrameWork", "Api_Automation_FrameWork\Api_Automation_FrameWork.csproj", "{B9ECAD81-85B6-4585-B614-FF64CC84CE19}"
EndProject
Global
	GlobalSection(SolutionConfigurationPlatforms) = preSolution
		Debug|Any CPU = Debug|Any CPU
		Release|Any CPU = Release|Any CPU
	EndGlobalSection
	GlobalSection(ProjectConfigurationPlatforms) = postSolution
		{B9ECAD81-85B6-4585-B614-FF64CC84CE19}.Debug|Any CPU.ActiveCfg = Debug|Any CPU
		{B9ECAD81-85B6-4585-B614-FF64CC84CE19}.Debug|Any CPU.Build.0 = Debug|Any CPU
		{B9ECAD81-85B6-4585-B614-FF64CC84CE19}.Release|Any CPU.ActiveCfg = Release|Any CPU
		{B9ECAD81-85B6-4585-B614-FF64CC84CE19}.Release|Any CPU.Build.0 = Release|Any CPU
	EndGlobalSection
	GlobalSection(SolutionProperties) = preSolution
		HideSolutionNode = FALSE
	EndGlobalSection
	GlobalSection(ExtensibilityGlobals) = postSolution
		SolutionGuid = {75B25506-8903-4F7E-8EE8-23FFE277482B}
	EndGlobalSection
EndGlobal
